
Microsoft Visual Studio Solution File, Format Version 12.00
# Visual Studio Version 17
VisualStudioVersion = 17.0.31903.59
MinimumVisualStudioVersion = 10.0.40219.1
Project("{FAE04EC0-301F-11D3-BF4B-00C04F79EFBC}") = "HotChocolate-GraphQL", "HotChocolate-GraphQL\HotChocolate-GraphQL.csproj", "{6FC31727-0FD7-4B4B-9EFC-18C06BA491F4}"
EndProject
Global
	GlobalSection(SolutionConfigurationPlatforms) = preSolution
		Debug|Any CPU = Debug|Any CPU
		Release|Any CPU = Release|Any CPU
	EndGlobalSection
	GlobalSection(ProjectConfigurationPlatforms) = postSolution
		{6FC31727-0FD7-4B4B-9EFC-18C06BA491F4}.Debug|Any CPU.ActiveCfg = Debug|Any CPU
		{6FC31727-0FD7-4B4B-9EFC-18C06BA491F4}.Debug|Any CPU.Build.0 = Debug|Any CPU
		{6FC31727-0FD7-4B4B-9EFC-18C06BA491F4}.Release|Any CPU.ActiveCfg = Release|Any CPU
		{6FC31727-0FD7-4B4B-9EFC-18C06BA491F4}.Release|Any CPU.Build.0 = Release|Any CPU
	EndGlobalSection
	GlobalSection(SolutionProperties) = preSolution
		HideSolutionNode = FALSE
	EndGlobalSection
	GlobalSection(ExtensibilityGlobals) = postSolution
		SolutionGuid = {B1157754-E376-4A00-AD8C-0A6B4C6F3CC1}
	EndGlobalSection
EndGlobal
